
Microsoft Visual Studio Solution File, Format Version 12.00
# Visual Studio 15
VisualStudioVersion = 15.0.27130.2027
MinimumVisualStudioVersion = 10.0.40219.1
Project("{FAE04EC0-301F-11D3-BF4B-00C04F79EFBC}") = "DeletionWorkbox", "DeletionWorkbox\DeletionWorkbox.csproj", "{1857773B-DD59-4E23-8D63-7A704A56BA40}"
EndProject
Global
	GlobalSection(SolutionConfigurationPlatforms) = preSolution
		Debug|Any CPU = Debug|Any CPU
		Release|Any CPU = Release|Any CPU
	EndGlobalSection
	GlobalSection(ProjectConfigurationPlatforms) = postSolution
		{1857773B-DD59-4E23-8D63-7A704A56BA40}.Debug|Any CPU.ActiveCfg = Debug|Any CPU
		{1857773B-DD59-4E23-8D63-7A704A56BA40}.Debug|Any CPU.Build.0 = Debug|Any CPU
		{1857773B-DD59-4E23-8D63-7A704A56BA40}.Release|Any CPU.ActiveCfg = Release|Any CPU
		{1857773B-DD59-4E23-8D63-7A704A56BA40}.Release|Any CPU.Build.0 = Release|Any CPU
	EndGlobalSection
	GlobalSection(SolutionProperties) = preSolution
		HideSolutionNode = FALSE
	EndGlobalSection
	GlobalSection(ExtensibilityGlobals) = postSolution
		SolutionGuid = {64832B63-791F-4515-B7F6-00C33330516C}
	EndGlobalSection
EndGlobal
